// !$*UTF8*$!
{
	archiveVersion = 1;
	classes = {
	};
	objectVersion = 55;
	objects = {

/* Begin PBXBuildFile section */
		96FF2EA727E73777001F7E60 /* AppDelegate.swift in Sources */ = {isa = PBXBuildFile; fileRef = 96FF2EA627E73777001F7E60 /* AppDelegate.swift */; };
		96FF2EA927E73777001F7E60 /* SceneDelegate.swift in Sources */ = {isa = PBXBuildFile; fileRef = 96FF2EA827E73777001F7E60 /* SceneDelegate.swift */; };
		96FF2EAB27E73777001F7E60 /* ViewController.swift in Sources */ = {isa = PBXBuildFile; fileRef = 96FF2EAA27E73777001F7E60 /* ViewController.swift */; };
		96FF2EAE27E73777001F7E60 /* Main.storyboard in Resources */ = {isa = PBXBuildFile; fileRef = 96FF2EAC27E73777001F7E60 /* Main.storyboard */; };
		96FF2EB027E73782001F7E60 /* Assets.xcassets in Resources */ = {isa = PBXBuildFile; fileRef = 96FF2EAF27E73782001F7E60 /* Assets.xcassets */; };
		96FF2EB327E73782001F7E60 /* LaunchScreen.storyboard in Resources */ = {isa = PBXBuildFile; fileRef = 96FF2EB127E73782001F7E60 /* LaunchScreen.storyboard */; };
		96FF2EBC27E73979001F7E60 /* Alamofire in Frameworks */ = {isa = PBXBuildFile; productRef = 96FF2EBB27E73979001F7E60 /* Alamofire */; };
		96FF2EC027E824AE001F7E60 /* stackoverflow.cer in Resources */ = {isa = PBXBuildFile; fileRef = 96FF2EBF27E824AD001F7E60 /* stackoverflow.cer */; };
		96FF2EC227E82567001F7E60 /* NetworkAdapterUtility.swift in Sources */ = {isa = PBXBuildFile; fileRef = 96FF2EC127E82567001F7E60 /* NetworkAdapterUtility.swift */; };
/* End PBXBuildFile section */

/* Begin PBXFileReference section */
		96FF2EA327E73777001F7E60 /* CertificatePinning.app */ = {isa = PBXFileReference; explicitFileType = wrapper.application; includeInIndex = 0; path = CertificatePinning.app; sourceTree = BUILT_PRODUCTS_DIR; };
		96FF2EA627E73777001F7E60 /* AppDelegate.swift */ = {isa = PBXFileReference; lastKnownFileType = sourcecode.swift; path = AppDelegate.swift; sourceTree = "<group>"; };
		96FF2EA827E73777001F7E60 /* SceneDelegate.swift */ = {isa = PBXFileReference; lastKnownFileType = sourcecode.swift; path = SceneDelegate.swift; sourceTree = "<group>"; };
		96FF2EAA27E73777001F7E60 /* ViewController.swift */ = {isa = PBXFileReference; lastKnownFileType = sourcecode.swift; path = ViewController.swift; sourceTree = "<group>"; };
		96FF2EAD27E73777001F7E60 /* Base */ = {isa = PBXFileReference; lastKnownFileType = file.storyboard; name = Base; path = Base.lproj/Main.storyboard; sourceTree = "<group>"; };
		96FF2EAF27E73782001F7E60 /* Assets.xcassets */ = {isa = PBXFileReference; lastKnownFileType = folder.assetcatalog; path = Assets.xcassets; sourceTree = "<group>"; };
		96FF2EB227E73782001F7E60 /* Base */ = {isa = PBXFileReference; lastKnownFileType = file.storyboard; name = Base; path = Base.lproj/LaunchScreen.storyboard; sourceTree = "<group>"; };
		96FF2EB427E73782001F7E60 /* Info.plist */ = {isa = PBXFileReference; lastKnownFileType = text.plist.xml; path = Info.plist; sourceTree = "<group>"; };
		96FF2EBF27E824AD001F7E60 /* stackoverflow.cer */ = {isa = PBXFileReference; lastKnownFileType = file; path = stackoverflow.cer; sourceTree = "<group>"; };
		96FF2EC127E82567001F7E60 /* NetworkAdapterUtility.swift */ = {isa = PBXFileReference; lastKnownFileType = sourcecode.swift; path = NetworkAdapterUtility.swift; sourceTree = "<group>"; };
/* End PBXFileReference section */

/* Begin PBXFrameworksBuildPhase section */
		96FF2EA027E73777001F7E60 /* Frameworks */ = {
			isa = PBXFrameworksBuildPhase;
			buildActionMask = 2147483647;
			files = (
				96FF2EBC27E73979001F7E60 /* Alamofire in Frameworks */,
			);
			runOnlyForDeploymentPostprocessing = 0;
		};
/* End PBXFrameworksBuildPhase section */

/* Begin PBXGroup section */
		96FF2E9A27E73777001F7E60 = {
			isa = PBXGroup;
			children = (
				96FF2EA527E73777001F7E60 /* CertificatePinning */,
				96FF2EA427E73777001F7E60 /* Products */,
			);
			sourceTree = "<group>";
		};
		96FF2EA427E73777001F7E60 /* Products */ = {
			isa = PBXGroup;
			children = (
				96FF2EA327E73777001F7E60 /* CertificatePinning.app */,
			);
			name = Products;
			sourceTree = "<group>";
		};
		96FF2EA527E73777001F7E60 /* CertificatePinning */ = {
			isa = PBXGroup;
			children = (
				96FF2EBF27E824AD001F7E60 /* stackoverflow.cer */,
				96FF2EA627E73777001F7E60 /* AppDelegate.swift */,
				96FF2EA827E73777001F7E60 /* SceneDelegate.swift */,
				96FF2EAA27E73777001F7E60 /* ViewController.swift */,
				96FF2EC127E82567001F7E60 /* NetworkAdapterUtility.swift */,
				96FF2EAC27E73777001F7E60 /* Main.storyboard */,
				96FF2EAF27E73782001F7E60 /* Assets.xcassets */,
				96FF2EB127E73782001F7E60 /* LaunchScreen.storyboard */,
				96FF2EB427E73782001F7E60 /* Info.plist */,
			);
			path = CertificatePinning;
			sourceTree = "<group>";
		};
/* End PBXGroup section */

/* Begin PBXNativeTarget section */
		96FF2EA227E73777001F7E60 /* CertificatePinning */ = {
			isa = PBXNativeTarget;
			buildConfigurationList = 96FF2EB727E73782001F7E60 /* Build configuration list for PBXNativeTarget "CertificatePinning" */;
			buildPhases = (
				96FF2E9F27E73777001F7E60 /* Sources */,
				96FF2EA027E73777001F7E60 /* Frameworks */,
				96FF2EA127E73777001F7E60 /* Resources */,
			);
			buildRules = (
			);
			dependencies = (
			);
			name = CertificatePinning;
			packageProductDependencies = (
				96FF2EBB27E73979001F7E60 /* Alamofire */,
			);
			productName = CertificatePinning;
			productReference = 96FF2EA327E73777001F7E60 /* CertificatePinning.app */;
			productType = "com.apple.product-type.application";
		};
/* End PBXNativeTarget section */

/* Begin PBXProject section */
		96FF2E9B27E73777001F7E60 /* Project object */ = {
			isa = PBXProject;
			attributes = {
				BuildIndependentTargetsInParallel = 1;
				LastSwiftUpdateCheck = 1320;
				LastUpgradeCheck = 1320;
				TargetAttributes = {
					96FF2EA227E73777001F7E60 = {
						CreatedOnToolsVersion = 13.2.1;
					};
				};
			};
			buildConfigurationList = 96FF2E9E27E73777001F7E60 /* Build configuration list for PBXProject "CertificatePinning" */;
			compatibilityVersion = "Xcode 13.0";
			developmentRegion = en;
			hasScannedForEncodings = 0;
			knownRegions = (
				en,
				Base,
			);
			mainGroup = 96FF2E9A27E73777001F7E60;
			packageReferences = (
				96FF2EBA27E73979001F7E60 /* XCRemoteSwiftPackageReference "Alamofire" */,
			);
			productRefGroup = 96FF2EA427E73777001F7E60 /* Products */;
			projectDirPath = "";
			projectRoot = "";
			targets = (
				96FF2EA227E73777001F7E60 /* CertificatePinning */,
			);
		};
/* End PBXProject section */

/* Begin PBXResourcesBuildPhase section */
		96FF2EA127E73777001F7E60 /* Resources */ = {
			isa = PBXResourcesBuildPhase;
			buildActionMask = 2147483647;
			files = (
				96FF2EB327E73782001F7E60 /* LaunchScreen.storyboard in Resources */,
				96FF2EB027E73782001F7E60 /* Assets.xcassets in Resources */,
				96FF2EAE27E73777001F7E60 /* Main.storyboard in Resources */,
				96FF2EC027E824AE001F7E60 /* stackoverflow.cer in Resources */,
			);
			runOnlyForDeploymentPostprocessing = 0;
		};
/* End PBXResourcesBuildPhase section */

/* Begin PBXSourcesBuildPhase section */
		96FF2E9F27E73777001F7E60 /* Sources */ = {
			isa = PBXSourcesBuildPhase;
			buildActionMask = 2147483647;
			files = (
				96FF2EAB27E73777001F7E60 /* ViewController.swift in Sources */,
				96FF2EC227E82567001F7E60 /* NetworkAdapterUtility.swift in Sources */,
				96FF2EA727E73777001F7E60 /* AppDelegate.swift in Sources */,
				96FF2EA927E73777001F7E60 /* SceneDelegate.swift in Sources */,
			);
			runOnlyForDeploymentPostprocessing = 0;
		};
/* End PBXSourcesBuildPhase section */

/* Begin PBXVariantGroup section */
		96FF2EAC27E73777001F7E60 /* Main.storyboard */ = {
			isa = PBXVariantGroup;
			children = (
				96FF2EAD27E73777001F7E60 /* Base */,
			);
			name = Main.storyboard;
			sourceTree = "<group>";
		};
		96FF2EB127E73782001F7E60 /* LaunchScreen.storyboard */ = {
			isa = PBXVariantGroup;
			children = (
				96FF2EB227E73782001F7E60 /* Base */,
			);
			name = LaunchScreen.storyboard;
			sourceTree = "<group>";
		};
/* End PBXVariantGroup section */

/* Begin XCBuildConfiguration section */
		96FF2EB527E73782001F7E60 /* Debug */ = {
			isa = XCBuildConfiguration;
			buildSettings = {
				ALWAYS_SEARCH_USER_PATHS = NO;
				CLANG_ANALYZER_NONNULL = YES;
				CLANG_ANALYZER_NUMBER_OBJECT_CONVERSION = YES_AGGRESSIVE;
				CLANG_CXX_LANGUAGE_STANDARD = "gnu++17";
				CLANG_CXX_LIBRARY = "libc++";
				CLANG_ENABLE_MODULES = YES;
				CLANG_ENABLE_OBJC_ARC = YES;
				CLANG_ENABLE_OBJC_WEAK = YES;
				CLANG_WARN_BLOCK_CAPTURE_AUTORELEASING = YES;
				CLANG_WARN_BOOL_CONVERSION = YES;
				CLANG_WARN_COMMA = YES;
				CLANG_WARN_CONSTANT_CONVERSION = YES;
				CLANG_WARN_DEPRECATED_OBJC_IMPLEMENTATIONS = YES;
				CLANG_WARN_DIRECT_OBJC_ISA_USAGE = YES_ERROR;
				CLANG_WARN_DOCUMENTATION_COMMENTS = YES;
				CLANG_WARN_EMPTY_BODY = YES;
				CLANG_WARN_ENUM_CONVERSION = YES;
				CLANG_WARN_INFINITE_RECURSION = YES;
				CLANG_WARN_INT_CONVERSION = YES;
				CLANG_WARN_NON_LITERAL_NULL_CONVERSION = YES;
				CLANG_WARN_OBJC_IMPLICIT_RETAIN_SELF = YES;
				CLANG_WARN_OBJC_LITERAL_CONVERSION = YES;
				CLANG_WARN_OBJC_ROOT_CLASS = YES_ERROR;
				CLANG_WARN_QUOTED_INCLUDE_IN_FRAMEWORK_HEADER = YES;
				CLANG_WARN_RANGE_LOOP_ANALYSIS = YES;
				CLANG_WARN_STRICT_PROTOTYPES = YES;
				CLANG_WARN_SUSPICIOUS_MOVE = YES;
				CLANG_WARN_UNGUARDED_AVAILABILITY = YES_AGGRESSIVE;
				CLANG_WARN_UNREACHABLE_CODE = YES;
				CLANG_WARN__DUPLICATE_METHOD_MATCH = YES;
				COPY_PHASE_STRIP = NO;
				DEBUG_INFORMATION_FORMAT = dwarf;
				ENABLE_STRICT_OBJC_MSGSEND = YES;
				ENABLE_TESTABILITY = YES;
				GCC_C_LANGUAGE_STANDARD = gnu11;
				GCC_DYNAMIC_NO_PIC = NO;
				GCC_NO_COMMON_BLOCKS = YES;
				GCC_OPTIMIZATION_LEVEL = 0;
				GCC_PREPROCESSOR_DEFINITIONS = (
					"DEBUG=1",
					"$(inherited)",
				);
				GCC_WARN_64_TO_32_BIT_CONVERSION = YES;
				GCC_WARN_ABOUT_RETURN_TYPE = YES_ERROR;
				GCC_WARN_UNDECLARED_SELECTOR = YES;
				GCC_WARN_UNINITIALIZED_AUTOS = YES_AGGRESSIVE;
				GCC_WARN_UNUSED_FUNCTION = YES;
				GCC_WARN_UNUSED_VARIABLE = YES;
				IPHONEOS_DEPLOYMENT_TARGET = 15.2;
				MTL_ENABLE_DEBUG_INFO = INCLUDE_SOURCE;
				MTL_FAST_MATH = YES;
				ONLY_ACTIVE_ARCH = YES;
				SDKROOT = iphoneos;
				SWIFT_ACTIVE_COMPILATION_CONDITIONS = DEBUG;
				SWIFT_OPTIMIZATION_LEVEL = "-Onone";
			};
			name = Debug;
		};
		96FF2EB627E73782001F7E60 /* Release */ = {
			isa = XCBuildConfiguration;
			buildSettings = {
				ALWAYS_SEARCH_USER_PATHS = NO;
				CLANG_ANALYZER_NONNULL = YES;
				CLANG_ANALYZER_NUMBER_OBJECT_CONVERSION = YES_AGGRESSIVE;
				CLANG_CXX_LANGUAGE_STANDARD = "gnu++17";
				CLANG_CXX_LIBRARY = "libc++";
				CLANG_ENABLE_MODULES = YES;
				CLANG_ENABLE_OBJC_ARC = YES;
				CLANG_ENABLE_OBJC_WEAK = YES;
				CLANG_WARN_BLOCK_CAPTURE_AUTORELEASING = YES;
				CLANG_WARN_BOOL_CONVERSION = YES;
				CLANG_WARN_COMMA = YES;
				CLANG_WARN_CONSTANT_CONVERSION = YES;
				CLANG_WARN_DEPRECATED_OBJC_IMPLEMENTATIONS = YES;
				CLANG_WARN_DIRECT_OBJC_ISA_USAGE = YES_ERROR;
				CLANG_WARN_DOCUMENTATION_COMMENTS = YES;
				CLANG_WARN_EMPTY_BODY = YES;
				CLANG_WARN_ENUM_CONVERSION = YES;
				CLANG_WARN_INFINITE_RECURSION = YES;
				CLANG_WARN_INT_CONVERSION = YES;
				CLANG_WARN_NON_LITERAL_NULL_CONVERSION = YES;
				CLANG_WARN_OBJC_IMPLICIT_RETAIN_SELF = YES;
				CLANG_WARN_OBJC_LITERAL_CONVERSION = YES;
				CLANG_WARN_OBJC_ROOT_CLASS = YES_ERROR;
				CLANG_WARN_QUOTED_INCLUDE_IN_FRAMEWORK_HEADER = YES;
				CLANG_WARN_RANGE_LOOP_ANALYSIS = YES;
				CLANG_WARN_STRICT_PROTOTYPES = YES;
				CLANG_WARN_SUSPICIOUS_MOVE = YES;
				CLANG_WARN_UNGUARDED_AVAILABILITY = YES_AGGRESSIVE;
				CLANG_WARN_UNREACHABLE_CODE = YES;
				CLANG_WARN__DUPLICATE_METHOD_MATCH = YES;
				COPY_PHASE_STRIP = NO;
				DEBUG_INFORMATION_FORMAT = "dwarf-with-dsym";
				ENABLE_NS_ASSERTIONS = NO;
				ENABLE_STRICT_OBJC_MSGSEND = YES;
				GCC_C_LANGUAGE_STANDARD = gnu11;
				GCC_NO_COMMON_BLOCKS = YES;
				GCC_WARN_64_TO_32_BIT_CONVERSION = YES;
				GCC_WARN_ABOUT_RETURN_TYPE = YES_ERROR;
				GCC_WARN_UNDECLARED_SELECTOR = YES;
				GCC_WARN_UNINITIALIZED_AUTOS = YES_AGGRESSIVE;
				GCC_WARN_UNUSED_FUNCTION = YES;
				GCC_WARN_UNUSED_VARIABLE = YES;
				IPHONEOS_DEPLOYMENT_TARGET = 15.2;
				MTL_ENABLE_DEBUG_INFO = NO;
				MTL_FAST_MATH = YES;
				SDKROOT = iphoneos;
				SWIFT_COMPILATION_MODE = wholemodule;
				SWIFT_OPTIMIZATION_LEVEL = "-O";
				VALIDATE_PRODUCT = YES;
			};
			name = Release;
		};
		96FF2EB827E73782001F7E60 /* Debug */ = {
			isa = XCBuildConfiguration;
			buildSettings = {
				ASSETCATALOG_COMPILER_APPICON_NAME = AppIcon;
				ASSETCATALOG_COMPILER_GLOBAL_ACCENT_COLOR_NAME = AccentColor;
				CODE_SIGN_STYLE = Automatic;
				CURRENT_PROJECT_VERSION = 1;
				GENERATE_INFOPLIST_FILE = YES;
				INFOPLIST_FILE = CertificatePinning/Info.plist;
				INFOPLIST_KEY_UIApplicationSupportsIndirectInputEvents = YES;
				INFOPLIST_KEY_UILaunchStoryboardName = LaunchScreen;
				INFOPLIST_KEY_UIMainStoryboardFile = Main;
				INFOPLIST_KEY_UISupportedInterfaceOrientations_iPad = "UIInterfaceOrientationPortrait UIInterfaceOrientationPortraitUpsideDown UIInterfaceOrientationLandscapeLeft UIInterfaceOrientationLandscapeRight";
				INFOPLIST_KEY_UISupportedInterfaceOrientations_iPhone = "UIInterfaceOrientationPortrait UIInterfaceOrientationLandscapeLeft UIInterfaceOrientationLandscapeRight";
				LD_RUNPATH_SEARCH_PATHS = (
					"$(inherited)",
					"@executable_path/Frameworks",
				);
				MARKETING_VERSION = 1.0;
				PRODUCT_BUNDLE_IDENTIFIER = com.honeywell.hce.ForgeBuildings.CertificatePinning;
				PRODUCT_NAME = "$(TARGET_NAME)";
				SWIFT_EMIT_LOC_STRINGS = YES;
				SWIFT_VERSION = 5.0;
				TARGETED_DEVICE_FAMILY = "1,2";
			};
			name = Debug;
		};
		96FF2EB927E73782001F7E60 /* Release */ = {
			isa = XCBuildConfiguration;
			buildSettings = {
				ASSETCATALOG_COMPILER_APPICON_NAME = AppIcon;
				ASSETCATALOG_COMPILER_GLOBAL_ACCENT_COLOR_NAME = AccentColor;
				CODE_SIGN_STYLE = Automatic;
				CURRENT_PROJECT_VERSION = 1;
				GENERATE_INFOPLIST_FILE = YES;
				INFOPLIST_FILE = CertificatePinning/Info.plist;
				INFOPLIST_KEY_UIApplicationSupportsIndirectInputEvents = YES;
				INFOPLIST_KEY_UILaunchStoryboardName = LaunchScreen;
				INFOPLIST_KEY_UIMainStoryboardFile = Main;
				INFOPLIST_KEY_UISupportedInterfaceOrientations_iPad = "UIInterfaceOrientationPortrait UIInterfaceOrientationPortraitUpsideDown UIInterfaceOrientationLandscapeLeft UIInterfaceOrientationLandscapeRight";
				INFOPLIST_KEY_UISupportedInterfaceOrientations_iPhone = "UIInterfaceOrientationPortrait UIInterfaceOrientationLandscapeLeft UIInterfaceOrientationLandscapeRight";
				LD_RUNPATH_SEARCH_PATHS = (
					"$(inherited)",
					"@executable_path/Frameworks",
				);
				MARKETING_VERSION = 1.0;
				PRODUCT_BUNDLE_IDENTIFIER = com.honeywell.hce.ForgeBuildings.CertificatePinning;
				PRODUCT_NAME = "$(TARGET_NAME)";
				SWIFT_EMIT_LOC_STRINGS = YES;
				SWIFT_VERSION = 5.0;
				TARGETED_DEVICE_FAMILY = "1,2";
			};
			name = Release;
		};
/* End XCBuildConfiguration section */

/* Begin XCConfigurationList section */
		96FF2E9E27E73777001F7E60 /* Build configuration list for PBXProject "CertificatePinning" */ = {
			isa = XCConfigurationList;
			buildConfigurations = (
				96FF2EB527E73782001F7E60 /* Debug */,
				96FF2EB627E73782001F7E60 /* Release */,
			);
			defaultConfigurationIsVisible = 0;
			defaultConfigurationName = Release;
		};
		96FF2EB727E73782001F7E60 /* Build configuration list for PBXNativeTarget "CertificatePinning" */ = {
			isa = XCConfigurationList;
			buildConfigurations = (
				96FF2EB827E73782001F7E60 /* Debug */,
				96FF2EB927E73782001F7E60 /* Release */,
			);
			defaultConfigurationIsVisible = 0;
			defaultConfigurationName = Release;
		};
/* End XCConfigurationList section */

/* Begin XCRemoteSwiftPackageReference section */
		96FF2EBA27E73979001F7E60 /* XCRemoteSwiftPackageReference "Alamofire" */ = {
			isa = XCRemoteSwiftPackageReference;
			repositoryURL = "https://github.com/Alamofire/Alamofire.git";
			requirement = {
				kind = upToNextMajorVersion;
				minimumVersion = 5.0.0;
			};
		};
/* End XCRemoteSwiftPackageReference section */

/* Begin XCSwiftPackageProductDependency section */
		96FF2EBB27E73979001F7E60 /* Alamofire */ = {
			isa = XCSwiftPackageProductDependency;
			package = 96FF2EBA27E73979001F7E60 /* XCRemoteSwiftPackageReference "Alamofire" */;
			productName = Alamofire;
		};
/* End XCSwiftPackageProductDependency section */
	};
	rootObject = 96FF2E9B27E73777001F7E60 /* Project object */;
}
